// !$*UTF8*$!
{
	archiveVersion = 1;
	classes = {
	};
	objectVersion = 50;
	objects = {

/* Begin PBXBuildFile section */
		25CA5E1F24120E8500817813 /* AppDelegate.swift in Sources */ = {isa = PBXBuildFile; fileRef = 25CA5E1E24120E8500817813 /* AppDelegate.swift */; };
		25CA5E2624120E8500817813 /* Main.storyboard in Resources */ = {isa = PBXBuildFile; fileRef = 25CA5E2424120E8500817813 /* Main.storyboard */; };
		25CA5E2824120E8700817813 /* Assets.xcassets in Resources */ = {isa = PBXBuildFile; fileRef = 25CA5E2724120E8700817813 /* Assets.xcassets */; };
		25CA5E2B24120E8700817813 /* LaunchScreen.storyboard in Resources */ = {isa = PBXBuildFile; fileRef = 25CA5E2924120E8700817813 /* LaunchScreen.storyboard */; };
		25CA5E36241210FA00817813 /* ViewController.swift in Sources */ = {isa = PBXBuildFile; fileRef = 25CA5E35241210FA00817813 /* ViewController.swift */; };
		25CA5E382412110B00817813 /* ParentVC.swift in Sources */ = {isa = PBXBuildFile; fileRef = 25CA5E372412110B00817813 /* ParentVC.swift */; };
		25CA5E3A2412142600817813 /* AppHud.swift in Sources */ = {isa = PBXBuildFile; fileRef = 25CA5E392412142600817813 /* AppHud.swift */; };
		25CA5E432412252600817813 /* ActivityIndicator.xib in Resources */ = {isa = PBXBuildFile; fileRef = 25CA5E412412252600817813 /* ActivityIndicator.xib */; };
		25CA5E442412252600817813 /* ActivityIndicator.swift in Sources */ = {isa = PBXBuildFile; fileRef = 25CA5E422412252600817813 /* ActivityIndicator.swift */; };
/* End PBXBuildFile section */

/* Begin PBXFileReference section */
		25CA5E1B24120E8500817813 /* CustomIndicatorDemo.app */ = {isa = PBXFileReference; explicitFileType = wrapper.application; includeInIndex = 0; path = CustomIndicatorDemo.app; sourceTree = BUILT_PRODUCTS_DIR; };
		25CA5E1E24120E8500817813 /* AppDelegate.swift */ = {isa = PBXFileReference; lastKnownFileType = sourcecode.swift; path = AppDelegate.swift; sourceTree = "<group>"; };
		25CA5E2524120E8500817813 /* Base */ = {isa = PBXFileReference; lastKnownFileType = file.storyboard; name = Base; path = Base.lproj/Main.storyboard; sourceTree = "<group>"; };
		25CA5E2724120E8700817813 /* Assets.xcassets */ = {isa = PBXFileReference; lastKnownFileType = folder.assetcatalog; path = Assets.xcassets; sourceTree = "<group>"; };
		25CA5E2A24120E8700817813 /* Base */ = {isa = PBXFileReference; lastKnownFileType = file.storyboard; name = Base; path = Base.lproj/LaunchScreen.storyboard; sourceTree = "<group>"; };
		25CA5E2C24120E8700817813 /* Info.plist */ = {isa = PBXFileReference; lastKnownFileType = text.plist.xml; path = Info.plist; sourceTree = "<group>"; };
		25CA5E35241210FA00817813 /* ViewController.swift */ = {isa = PBXFileReference; lastKnownFileType = sourcecode.swift; path = ViewController.swift; sourceTree = "<group>"; };
		25CA5E372412110B00817813 /* ParentVC.swift */ = {isa = PBXFileReference; lastKnownFileType = sourcecode.swift; path = ParentVC.swift; sourceTree = "<group>"; };
		25CA5E392412142600817813 /* AppHud.swift */ = {isa = PBXFileReference; lastKnownFileType = sourcecode.swift; path = AppHud.swift; sourceTree = "<group>"; };
		25CA5E412412252600817813 /* ActivityIndicator.xib */ = {isa = PBXFileReference; fileEncoding = 4; lastKnownFileType = file.xib; path = ActivityIndicator.xib; sourceTree = "<group>"; };
		25CA5E422412252600817813 /* ActivityIndicator.swift */ = {isa = PBXFileReference; fileEncoding = 4; lastKnownFileType = sourcecode.swift; path = ActivityIndicator.swift; sourceTree = "<group>"; };
/* End PBXFileReference section */

/* Begin PBXFrameworksBuildPhase section */
		25CA5E1824120E8500817813 /* Frameworks */ = {
			isa = PBXFrameworksBuildPhase;
			buildActionMask = 2147483647;
			files = (
			);
			runOnlyForDeploymentPostprocessing = 0;
		};
/* End PBXFrameworksBuildPhase section */

/* Begin PBXGroup section */
		25CA5E1224120E8500817813 = {
			isa = PBXGroup;
			children = (
				25CA5E1D24120E8500817813 /* CustomIndicatorDemo */,
				25CA5E1C24120E8500817813 /* Products */,
			);
			sourceTree = "<group>";
		};
		25CA5E1C24120E8500817813 /* Products */ = {
			isa = PBXGroup;
			children = (
				25CA5E1B24120E8500817813 /* CustomIndicatorDemo.app */,
			);
			name = Products;
			sourceTree = "<group>";
		};
		25CA5E1D24120E8500817813 /* CustomIndicatorDemo */ = {
			isa = PBXGroup;
			children = (
				25CA5E1E24120E8500817813 /* AppDelegate.swift */,
				25CA5E342412109900817813 /* Storyboards */,
				25CA5E322412108800817813 /* ViewController */,
				25CA5E332412109000817813 /* OtherClasses */,
				25CA5E2724120E8700817813 /* Assets.xcassets */,
				25CA5E2C24120E8700817813 /* Info.plist */,
			);
			path = CustomIndicatorDemo;
			sourceTree = "<group>";
		};
		25CA5E322412108800817813 /* ViewController */ = {
			isa = PBXGroup;
			children = (
				25CA5E372412110B00817813 /* ParentVC.swift */,
				25CA5E35241210FA00817813 /* ViewController.swift */,
			);
			path = ViewController;
			sourceTree = "<group>";
		};
		25CA5E332412109000817813 /* OtherClasses */ = {
			isa = PBXGroup;
			children = (
				25CA5E402412252600817813 /* ActivityIndicator */,
				25CA5E392412142600817813 /* AppHud.swift */,
			);
			path = OtherClasses;
			sourceTree = "<group>";
		};
		25CA5E342412109900817813 /* Storyboards */ = {
			isa = PBXGroup;
			children = (
				25CA5E2424120E8500817813 /* Main.storyboard */,
				25CA5E2924120E8700817813 /* LaunchScreen.storyboard */,
			);
			path = Storyboards;
			sourceTree = "<group>";
		};
		25CA5E402412252600817813 /* ActivityIndicator */ = {
			isa = PBXGroup;
			children = (
				25CA5E412412252600817813 /* ActivityIndicator.xib */,
				25CA5E422412252600817813 /* ActivityIndicator.swift */,
			);
			path = ActivityIndicator;
			sourceTree = "<group>";
		};
/* End PBXGroup section */

/* Begin PBXNativeTarget section */
		25CA5E1A24120E8500817813 /* CustomIndicatorDemo */ = {
			isa = PBXNativeTarget;
			buildConfigurationList = 25CA5E2F24120E8700817813 /* Build configuration list for PBXNativeTarget "CustomIndicatorDemo" */;
			buildPhases = (
				25CA5E1724120E8500817813 /* Sources */,
				25CA5E1824120E8500817813 /* Frameworks */,
				25CA5E1924120E8500817813 /* Resources */,
			);
			buildRules = (
			);
			dependencies = (
			);
			name = CustomIndicatorDemo;
			productName = CustomIndicatorDemo;
			productReference = 25CA5E1B24120E8500817813 /* CustomIndicatorDemo.app */;
			productType = "com.apple.product-type.application";
		};
/* End PBXNativeTarget section */

/* Begin PBXProject section */
		25CA5E1324120E8500817813 /* Project object */ = {
			isa = PBXProject;
			attributes = {
				LastSwiftUpdateCheck = 1130;
				LastUpgradeCheck = 1130;
				ORGANIZATIONNAME = "Khushbu Mehta";
				TargetAttributes = {
					25CA5E1A24120E8500817813 = {
						CreatedOnToolsVersion = 11.3.1;
					};
				};
			};
			buildConfigurationList = 25CA5E1624120E8500817813 /* Build configuration list for PBXProject "CustomIndicatorDemo" */;
			compatibilityVersion = "Xcode 9.3";
			developmentRegion = en;
			hasScannedForEncodings = 0;
			knownRegions = (
				en,
				Base,
			);
			mainGroup = 25CA5E1224120E8500817813;
			productRefGroup = 25CA5E1C24120E8500817813 /* Products */;
			projectDirPath = "";
			projectRoot = "";
			targets = (
				25CA5E1A24120E8500817813 /* CustomIndicatorDemo */,
			);
		};
/* End PBXProject section */

/* Begin PBXResourcesBuildPhase section */
		25CA5E1924120E8500817813 /* Resources */ = {
			isa = PBXResourcesBuildPhase;
			buildActionMask = 2147483647;
			files = (
				25CA5E432412252600817813 /* ActivityIndicator.xib in Resources */,
				25CA5E2B24120E8700817813 /* LaunchScreen.storyboard in Resources */,
				25CA5E2824120E8700817813 /* Assets.xcassets in Resources */,
				25CA5E2624120E8500817813 /* Main.storyboard in Resources */,
			);
			runOnlyForDeploymentPostprocessing = 0;
		};
/* End PBXResourcesBuildPhase section */

/* Begin PBXSourcesBuildPhase section */
		25CA5E1724120E8500817813 /* Sources */ = {
			isa = PBXSourcesBuildPhase;
			buildActionMask = 2147483647;
			files = (
				25CA5E36241210FA00817813 /* ViewController.swift in Sources */,
				25CA5E442412252600817813 /* ActivityIndicator.swift in Sources */,
				25CA5E3A2412142600817813 /* AppHud.swift in Sources */,
				25CA5E1F24120E8500817813 /* AppDelegate.swift in Sources */,
				25CA5E382412110B00817813 /* ParentVC.swift in Sources */,
			);
			runOnlyForDeploymentPostprocessing = 0;
		};
/* End PBXSourcesBuildPhase section */

/* Begin PBXVariantGroup section */
		25CA5E2424120E8500817813 /* Main.storyboard */ = {
			isa = PBXVariantGroup;
			children = (
				25CA5E2524120E8500817813 /* Base */,
			);
			name = Main.storyboard;
			sourceTree = "<group>";
		};
		25CA5E2924120E8700817813 /* LaunchScreen.storyboard */ = {
			isa = PBXVariantGroup;
			children = (
				25CA5E2A24120E8700817813 /* Base */,
			);
			name = LaunchScreen.storyboard;
			sourceTree = "<group>";
		};
/* End PBXVariantGroup section */

/* Begin XCBuildConfiguration section */
		25CA5E2D24120E8700817813 /* Debug */ = {
			isa = XCBuildConfiguration;
			buildSettings = {
				ALWAYS_SEARCH_USER_PATHS = NO;
				CLANG_ANALYZER_NONNULL = YES;
				CLANG_ANALYZER_NUMBER_OBJECT_CONVERSION = YES_AGGRESSIVE;
				CLANG_CXX_LANGUAGE_STANDARD = "gnu++14";
				CLANG_CXX_LIBRARY = "libc++";
				CLANG_ENABLE_MODULES = YES;
				CLANG_ENABLE_OBJC_ARC = YES;
				CLANG_ENABLE_OBJC_WEAK = YES;
				CLANG_WARN_BLOCK_CAPTURE_AUTORELEASING = YES;
				CLANG_WARN_BOOL_CONVERSION = YES;
				CLANG_WARN_COMMA = YES;
				CLANG_WARN_CONSTANT_CONVERSION = YES;
				CLANG_WARN_DEPRECATED_OBJC_IMPLEMENTATIONS = YES;
				CLANG_WARN_DIRECT_OBJC_ISA_USAGE = YES_ERROR;
				CLANG_WARN_DOCUMENTATION_COMMENTS = YES;
				CLANG_WARN_EMPTY_BODY = YES;
				CLANG_WARN_ENUM_CONVERSION = YES;
				CLANG_WARN_INFINITE_RECURSION = YES;
				CLANG_WARN_INT_CONVERSION = YES;
				CLANG_WARN_NON_LITERAL_NULL_CONVERSION = YES;
				CLANG_WARN_OBJC_IMPLICIT_RETAIN_SELF = YES;
				CLANG_WARN_OBJC_LITERAL_CONVERSION = YES;
				CLANG_WARN_OBJC_ROOT_CLASS = YES_ERROR;
				CLANG_WARN_RANGE_LOOP_ANALYSIS = YES;
				CLANG_WARN_STRICT_PROTOTYPES = YES;
				CLANG_WARN_SUSPICIOUS_MOVE = YES;
				CLANG_WARN_UNGUARDED_AVAILABILITY = YES_AGGRESSIVE;
				CLANG_WARN_UNREACHABLE_CODE = YES;
				CLANG_WARN__DUPLICATE_METHOD_MATCH = YES;
				COPY_PHASE_STRIP = NO;
				DEBUG_INFORMATION_FORMAT = dwarf;
				ENABLE_STRICT_OBJC_MSGSEND = YES;
				ENABLE_TESTABILITY = YES;
				GCC_C_LANGUAGE_STANDARD = gnu11;
				GCC_DYNAMIC_NO_PIC = NO;
				GCC_NO_COMMON_BLOCKS = YES;
				GCC_OPTIMIZATION_LEVEL = 0;
				GCC_PREPROCESSOR_DEFINITIONS = (
					"DEBUG=1",
					"$(inherited)",
				);
				GCC_WARN_64_TO_32_BIT_CONVERSION = YES;
				GCC_WARN_ABOUT_RETURN_TYPE = YES_ERROR;
				GCC_WARN_UNDECLARED_SELECTOR = YES;
				GCC_WARN_UNINITIALIZED_AUTOS = YES_AGGRESSIVE;
				GCC_WARN_UNUSED_FUNCTION = YES;
				GCC_WARN_UNUSED_VARIABLE = YES;
				IPHONEOS_DEPLOYMENT_TARGET = 13.2;
				MTL_ENABLE_DEBUG_INFO = INCLUDE_SOURCE;
				MTL_FAST_MATH = YES;
				ONLY_ACTIVE_ARCH = YES;
				SDKROOT = iphoneos;
				SWIFT_ACTIVE_COMPILATION_CONDITIONS = DEBUG;
				SWIFT_OPTIMIZATION_LEVEL = "-Onone";
			};
			name = Debug;
		};
		25CA5E2E24120E8700817813 /* Release */ = {
			isa = XCBuildConfiguration;
			buildSettings = {
				ALWAYS_SEARCH_USER_PATHS = NO;
				CLANG_ANALYZER_NONNULL = YES;
				CLANG_ANALYZER_NUMBER_OBJECT_CONVERSION = YES_AGGRESSIVE;
				CLANG_CXX_LANGUAGE_STANDARD = "gnu++14";
				CLANG_CXX_LIBRARY = "libc++";
				CLANG_ENABLE_MODULES = YES;
				CLANG_ENABLE_OBJC_ARC = YES;
				CLANG_ENABLE_OBJC_WEAK = YES;
				CLANG_WARN_BLOCK_CAPTURE_AUTORELEASING = YES;
				CLANG_WARN_BOOL_CONVERSION = YES;
				CLANG_WARN_COMMA = YES;
				CLANG_WARN_CONSTANT_CONVERSION = YES;
				CLANG_WARN_DEPRECATED_OBJC_IMPLEMENTATIONS = YES;
				CLANG_WARN_DIRECT_OBJC_ISA_USAGE = YES_ERROR;
				CLANG_WARN_DOCUMENTATION_COMMENTS = YES;
				CLANG_WARN_EMPTY_BODY = YES;
				CLANG_WARN_ENUM_CONVERSION = YES;
				CLANG_WARN_INFINITE_RECURSION = YES;
				CLANG_WARN_INT_CONVERSION = YES;
				CLANG_WARN_NON_LITERAL_NULL_CONVERSION = YES;
				CLANG_WARN_OBJC_IMPLICIT_RETAIN_SELF = YES;
				CLANG_WARN_OBJC_LITERAL_CONVERSION = YES;
				CLANG_WARN_OBJC_ROOT_CLASS = YES_ERROR;
				CLANG_WARN_RANGE_LOOP_ANALYSIS = YES;
				CLANG_WARN_STRICT_PROTOTYPES = YES;
				CLANG_WARN_SUSPICIOUS_MOVE = YES;
				CLANG_WARN_UNGUARDED_AVAILABILITY = YES_AGGRESSIVE;
				CLANG_WARN_UNREACHABLE_CODE = YES;
				CLANG_WARN__DUPLICATE_METHOD_MATCH = YES;
				COPY_PHASE_STRIP = NO;
				DEBUG_INFORMATION_FORMAT = "dwarf-with-dsym";
				ENABLE_NS_ASSERTIONS = NO;
				ENABLE_STRICT_OBJC_MSGSEND = YES;
				GCC_C_LANGUAGE_STANDARD = gnu11;
				GCC_NO_COMMON_BLOCKS = YES;
				GCC_WARN_64_TO_32_BIT_CONVERSION = YES;
				GCC_WARN_ABOUT_RETURN_TYPE = YES_ERROR;
				GCC_WARN_UNDECLARED_SELECTOR = YES;
				GCC_WARN_UNINITIALIZED_AUTOS = YES_AGGRESSIVE;
				GCC_WARN_UNUSED_FUNCTION = YES;
				GCC_WARN_UNUSED_VARIABLE = YES;
				IPHONEOS_DEPLOYMENT_TARGET = 13.2;
				MTL_ENABLE_DEBUG_INFO = NO;
				MTL_FAST_MATH = YES;
				SDKROOT = iphoneos;
				SWIFT_COMPILATION_MODE = wholemodule;
				SWIFT_OPTIMIZATION_LEVEL = "-O";
				VALIDATE_PRODUCT = YES;
			};
			name = Release;
		};
		25CA5E3024120E8700817813 /* Debug */ = {
			isa = XCBuildConfiguration;
			buildSettings = {
				ASSETCATALOG_COMPILER_APPICON_NAME = AppIcon;
				CODE_SIGN_STYLE = Automatic;
				INFOPLIST_FILE = CustomIndicatorDemo/Info.plist;
				LD_RUNPATH_SEARCH_PATHS = (
					"$(inherited)",
					"@executable_path/Frameworks",
				);
				PRODUCT_BUNDLE_IDENTIFIER = com.spec.VosseeSwittUI.CustomIndicatorDemo;
				PRODUCT_NAME = "$(TARGET_NAME)";
				SWIFT_VERSION = 5.0;
				TARGETED_DEVICE_FAMILY = "1,2";
			};
			name = Debug;
		};
		25CA5E3124120E8700817813 /* Release */ = {
			isa = XCBuildConfiguration;
			buildSettings = {
				ASSETCATALOG_COMPILER_APPICON_NAME = AppIcon;
				CODE_SIGN_STYLE = Automatic;
				INFOPLIST_FILE = CustomIndicatorDemo/Info.plist;
				LD_RUNPATH_SEARCH_PATHS = (
					"$(inherited)",
					"@executable_path/Frameworks",
				);
				PRODUCT_BUNDLE_IDENTIFIER = com.spec.VosseeSwittUI.CustomIndicatorDemo;
				PRODUCT_NAME = "$(TARGET_NAME)";
				SWIFT_VERSION = 5.0;
				TARGETED_DEVICE_FAMILY = "1,2";
			};
			name = Release;
		};
/* End XCBuildConfiguration section */

/* Begin XCConfigurationList section */
		25CA5E1624120E8500817813 /* Build configuration list for PBXProject "CustomIndicatorDemo" */ = {
			isa = XCConfigurationList;
			buildConfigurations = (
				25CA5E2D24120E8700817813 /* Debug */,
				25CA5E2E24120E8700817813 /* Release */,
			);
			defaultConfigurationIsVisible = 0;
			defaultConfigurationName = Release;
		};
		25CA5E2F24120E8700817813 /* Build configuration list for PBXNativeTarget "CustomIndicatorDemo" */ = {
			isa = XCConfigurationList;
			buildConfigurations = (
				25CA5E3024120E8700817813 /* Debug */,
				25CA5E3124120E8700817813 /* Release */,
			);
			defaultConfigurationIsVisible = 0;
			defaultConfigurationName = Release;
		};
/* End XCConfigurationList section */
	};
	rootObject = 25CA5E1324120E8500817813 /* Project object */;
}
